
Microsoft Visual Studio Solution File, Format Version 12.00
# Visual Studio Version 16
VisualStudioVersion = 16.0.31624.102
MinimumVisualStudioVersion = 10.0.40219.1
Project("{FAE04EC0-301F-11D3-BF4B-00C04F79EFBC}") = "Day05", "Day05\Day05.csproj", "{88985A36-EDBD-4AE2-957A-E58F431BC354}"
EndProject
Global
	GlobalSection(SolutionConfigurationPlatforms) = preSolution
		Debug|Any CPU = Debug|Any CPU
		Release|Any CPU = Release|Any CPU
	EndGlobalSection
	GlobalSection(ProjectConfigurationPlatforms) = postSolution
		{88985A36-EDBD-4AE2-957A-E58F431BC354}.Debug|Any CPU.ActiveCfg = Debug|Any CPU
		{88985A36-EDBD-4AE2-957A-E58F431BC354}.Debug|Any CPU.Build.0 = Debug|Any CPU
		{88985A36-EDBD-4AE2-957A-E58F431BC354}.Release|Any CPU.ActiveCfg = Release|Any CPU
		{88985A36-EDBD-4AE2-957A-E58F431BC354}.Release|Any CPU.Build.0 = Release|Any CPU
	EndGlobalSection
	GlobalSection(SolutionProperties) = preSolution
		HideSolutionNode = FALSE
	EndGlobalSection
	GlobalSection(ExtensibilityGlobals) = postSolution
		SolutionGuid = {118CD67D-1D37-46A8-8FB9-B43C35738034}
	EndGlobalSection
EndGlobal
