
Microsoft Visual Studio Solution File, Format Version 12.00
# Visual Studio Version 16
VisualStudioVersion = 16.0.32106.194
MinimumVisualStudioVersion = 10.0.40219.1
Project("{9A19103F-16F7-4668-BE54-9A1E7A4F7556}") = "ArraysAndLists", "Arrays\ArraysAndLists.csproj", "{5458D0A7-4EF0-48B2-BBE3-27EBAB52D7DA}"
EndProject
Global
	GlobalSection(SolutionConfigurationPlatforms) = preSolution
		Debug|Any CPU = Debug|Any CPU
		Release|Any CPU = Release|Any CPU
	EndGlobalSection
	GlobalSection(ProjectConfigurationPlatforms) = postSolution
		{5458D0A7-4EF0-48B2-BBE3-27EBAB52D7DA}.Debug|Any CPU.ActiveCfg = Debug|Any CPU
		{5458D0A7-4EF0-48B2-BBE3-27EBAB52D7DA}.Debug|Any CPU.Build.0 = Debug|Any CPU
		{5458D0A7-4EF0-48B2-BBE3-27EBAB52D7DA}.Release|Any CPU.ActiveCfg = Release|Any CPU
		{5458D0A7-4EF0-48B2-BBE3-27EBAB52D7DA}.Release|Any CPU.Build.0 = Release|Any CPU
	EndGlobalSection
	GlobalSection(SolutionProperties) = preSolution
		HideSolutionNode = FALSE
	EndGlobalSection
	GlobalSection(ExtensibilityGlobals) = postSolution
		SolutionGuid = {C53DC90C-D5F5-49B6-ACE3-182666DBECDC}
	EndGlobalSection
EndGlobal
