
Microsoft Visual Studio Solution File, Format Version 12.00
# Visual Studio Version 16
VisualStudioVersion = 16.0.31729.503
MinimumVisualStudioVersion = 10.0.40219.1
Project("{9A19103F-16F7-4668-BE54-9A1E7A4F7556}") = "Day07", "Day07\Day07.csproj", "{B99DC32F-C114-41B8-BC8B-191F6B5B802B}"
EndProject
Project("{9A19103F-16F7-4668-BE54-9A1E7A4F7556}") = "Day07CL", "Day07CL\Day07CL.csproj", "{B7D21F5F-7244-4162-B5DE-87088963F5D3}"
EndProject
Project("{FAE04EC0-301F-11D3-BF4B-00C04F79EFBC}") = "Day07CLTests", "Day07CLTests\Day07CLTests.csproj", "{D8FBB3B8-45C8-4F38-8477-630BA2AAA433}"
EndProject
Global
	GlobalSection(SolutionConfigurationPlatforms) = preSolution
		Debug|Any CPU = Debug|Any CPU
		Release|Any CPU = Release|Any CPU
	EndGlobalSection
	GlobalSection(ProjectConfigurationPlatforms) = postSolution
		{B99DC32F-C114-41B8-BC8B-191F6B5B802B}.Debug|Any CPU.ActiveCfg = Debug|Any CPU
		{B99DC32F-C114-41B8-BC8B-191F6B5B802B}.Debug|Any CPU.Build.0 = Debug|Any CPU
		{B99DC32F-C114-41B8-BC8B-191F6B5B802B}.Release|Any CPU.ActiveCfg = Release|Any CPU
		{B99DC32F-C114-41B8-BC8B-191F6B5B802B}.Release|Any CPU.Build.0 = Release|Any CPU
		{B7D21F5F-7244-4162-B5DE-87088963F5D3}.Debug|Any CPU.ActiveCfg = Debug|Any CPU
		{B7D21F5F-7244-4162-B5DE-87088963F5D3}.Debug|Any CPU.Build.0 = Debug|Any CPU
		{B7D21F5F-7244-4162-B5DE-87088963F5D3}.Release|Any CPU.ActiveCfg = Release|Any CPU
		{B7D21F5F-7244-4162-B5DE-87088963F5D3}.Release|Any CPU.Build.0 = Release|Any CPU
		{D8FBB3B8-45C8-4F38-8477-630BA2AAA433}.Debug|Any CPU.ActiveCfg = Debug|Any CPU
		{D8FBB3B8-45C8-4F38-8477-630BA2AAA433}.Debug|Any CPU.Build.0 = Debug|Any CPU
		{D8FBB3B8-45C8-4F38-8477-630BA2AAA433}.Release|Any CPU.ActiveCfg = Release|Any CPU
		{D8FBB3B8-45C8-4F38-8477-630BA2AAA433}.Release|Any CPU.Build.0 = Release|Any CPU
	EndGlobalSection
	GlobalSection(SolutionProperties) = preSolution
		HideSolutionNode = FALSE
	EndGlobalSection
	GlobalSection(ExtensibilityGlobals) = postSolution
		SolutionGuid = {C8330684-0553-40C2-B340-5F1218E656D5}
	EndGlobalSection
EndGlobal
