
Microsoft Visual Studio Solution File, Format Version 12.00
# Visual Studio Version 16
VisualStudioVersion = 16.0.32106.194
MinimumVisualStudioVersion = 10.0.40219.1
Project("{FAE04EC0-301F-11D3-BF4B-00C04F79EFBC}") = "Splitting Strings", "Splitting Strings\Splitting Strings.csproj", "{98831701-9EE9-489C-87FB-68C1C792F025}"
EndProject
Global
	GlobalSection(SolutionConfigurationPlatforms) = preSolution
		Debug|Any CPU = Debug|Any CPU
		Release|Any CPU = Release|Any CPU
	EndGlobalSection
	GlobalSection(ProjectConfigurationPlatforms) = postSolution
		{98831701-9EE9-489C-87FB-68C1C792F025}.Debug|Any CPU.ActiveCfg = Debug|Any CPU
		{98831701-9EE9-489C-87FB-68C1C792F025}.Debug|Any CPU.Build.0 = Debug|Any CPU
		{98831701-9EE9-489C-87FB-68C1C792F025}.Release|Any CPU.ActiveCfg = Release|Any CPU
		{98831701-9EE9-489C-87FB-68C1C792F025}.Release|Any CPU.Build.0 = Release|Any CPU
	EndGlobalSection
	GlobalSection(SolutionProperties) = preSolution
		HideSolutionNode = FALSE
	EndGlobalSection
	GlobalSection(ExtensibilityGlobals) = postSolution
		SolutionGuid = {4857FC20-2C49-4F52-8A09-E596AC669110}
	EndGlobalSection
EndGlobal
